
Microsoft Visual Studio Solution File, Format Version 12.00
# Visual Studio 2012
Project("{FAE04EC0-301F-11D3-BF4B-00C04F79EFBC}") = "HeapSort", "HeapSort\HeapSort.csproj", "{C2A4434E-2A85-4C1A-A008-02A7A6D9A157}"
EndProject
Global
	GlobalSection(SolutionConfigurationPlatforms) = preSolution
		Debug|x86 = Debug|x86
		Release|x86 = Release|x86
	EndGlobalSection
	GlobalSection(ProjectConfigurationPlatforms) = postSolution
		{C2A4434E-2A85-4C1A-A008-02A7A6D9A157}.Debug|x86.ActiveCfg = Debug|x86
		{C2A4434E-2A85-4C1A-A008-02A7A6D9A157}.Debug|x86.Build.0 = Debug|x86
		{C2A4434E-2A85-4C1A-A008-02A7A6D9A157}.Release|x86.ActiveCfg = Release|x86
		{C2A4434E-2A85-4C1A-A008-02A7A6D9A157}.Release|x86.Build.0 = Release|x86
	EndGlobalSection
	GlobalSection(MonoDevelopProperties) = preSolution
		StartupItem = HeapSort\HeapSort.csproj
	EndGlobalSection
EndGlobal
